{
  "name": "bubble-sort",
  "lockfileVersion": 2,
  "requires": true,
  "packages": {
    "": {
      "dependencies": {
        "lodash": "^4.17.21",
        "timer-node": "^5.0.5"
      }
    },
    "node_modules/lodash": {
      "version": "4.17.21",
      "resolved": "https://registry.npmjs.org/lodash/-/lodash-4.17.21.tgz",
      "integrity": "sha512-v2kDEe57lecTulaDIuNTPy3Ry4gLGJ6Z1O3vE1krgXZNrsQ+LFTGHVxVjcXPs17LhbZVGedAJv8XZ1tvj5FvSg=="
    },
    "node_modules/timer-node": {
      "version": "5.0.5",
      "resolved": "https://registry.npmjs.org/timer-node/-/timer-node-5.0.5.tgz",
      "integrity": "sha512-a/RE0HITUQ8+BBqvGmSUycpsHHY4RLvdbzlUD53FtvvY8osjSMMeo/c4jfrcjVc+AK9d3SUGiUO5HwWIlKtFwQ=="
    }
  },
  "dependencies": {
    "lodash": {
      "version": "4.17.21",
      "resolved": "https://registry.npmjs.org/lodash/-/lodash-4.17.21.tgz",
      "integrity": "sha512-v2kDEe57lecTulaDIuNTPy3Ry4gLGJ6Z1O3vE1krgXZNrsQ+LFTGHVxVjcXPs17LhbZVGedAJv8XZ1tvj5FvSg=="
    },
    "timer-node": {
      "version": "5.0.5",
      "resolved": "https://registry.npmjs.org/timer-node/-/timer-node-5.0.5.tgz",
      "integrity": "sha512-a/RE0HITUQ8+BBqvGmSUycpsHHY4RLvdbzlUD53FtvvY8osjSMMeo/c4jfrcjVc+AK9d3SUGiUO5HwWIlKtFwQ=="
    }
  }
}
